// !$*UTF8*$!
{ archiveVersion = 1; classes = {}; objectVersion = 77; objects = {
3F91B3B8520E65BA7C129D9B = { isa = PBXFileSystemSynchronizedBuildFileExceptionSet; membershipExceptions = (Info.plist,); target = E213EDFB6309FB93B6544924; };
CD8848DE4FDEF0A300C4EEA6 = { isa = PBXFileSystemSynchronizedRootGroup; exceptions = (3F91B3B8520E65BA7C129D9B,); path = BeerMap; sourceTree = "<group>"; };
D08F480488A0C38949998B9F = { isa = PBXFileReference; explicitFileType = wrapper.application; includeInIndex = 0; path = BeerMap.app; sourceTree = BUILT_PRODUCTS_DIR; };
7137B3FEF929EFC828DD8C33 = { isa = PBXSourcesBuildPhase; buildActionMask = 2147483647; files = (); runOnlyForDeploymentPostprocessing = 0; };
1F534AEDE960A8B75053DB2C = { isa = PBXFrameworksBuildPhase; buildActionMask = 2147483647; files = (); runOnlyForDeploymentPostprocessing = 0; };
0D44F3B66BD00C9D7FDAD153 = { isa = PBXResourcesBuildPhase; buildActionMask = 2147483647; files = (); runOnlyForDeploymentPostprocessing = 0; };
39A4BAF0B03D8FEFF147AB95 = { isa = XCBuildConfiguration; name = Debug; buildSettings = {PRODUCT_NAME = "$(TARGET_NAME)"; PRODUCT_BUNDLE_IDENTIFIER = "lv.manbesi.BeerMap"; IPHONEOS_DEPLOYMENT_TARGET = "26.0"; SDKROOT = "iphoneos"; SUPPORTED_PLATFORMS = "iphoneos iphonesimulator"; TARGETED_DEVICE_FAMILY = "1"; SWIFT_VERSION = "6.0"; CODE_SIGN_STYLE = "Automatic"; GENERATE_INFOPLIST_FILE = "YES"; SWIFT_STRICT_CONCURRENCY = "complete"; SWIFT_OPTIMIZATION_LEVEL = "-Onone"; DEBUG_INFORMATION_FORMAT = "dwarf"; INFOPLIST_FILE = "BeerMap/Info.plist"; ASSETCATALOG_COMPILER_APPICON_NAME = "AppIcon"; INFOPLIST_KEY_UIApplicationSceneManifest_Generation = "YES"; ENABLE_PREVIEWS = "YES";}; };
269B86D9519917E0511CC0C7 = { isa = XCBuildConfiguration; name = Release; buildSettings = {PRODUCT_NAME = "$(TARGET_NAME)"; PRODUCT_BUNDLE_IDENTIFIER = "lv.manbesi.BeerMap"; IPHONEOS_DEPLOYMENT_TARGET = "26.0"; SDKROOT = "iphoneos"; SUPPORTED_PLATFORMS = "iphoneos iphonesimulator"; TARGETED_DEVICE_FAMILY = "1"; SWIFT_VERSION = "6.0"; CODE_SIGN_STYLE = "Automatic"; GENERATE_INFOPLIST_FILE = "YES"; SWIFT_STRICT_CONCURRENCY = "complete"; SWIFT_OPTIMIZATION_LEVEL = "-O"; DEBUG_INFORMATION_FORMAT = "dwarf-with-dsym"; INFOPLIST_FILE = "BeerMap/Info.plist"; ASSETCATALOG_COMPILER_APPICON_NAME = "AppIcon"; INFOPLIST_KEY_UIApplicationSceneManifest_Generation = "YES"; ENABLE_PREVIEWS = "YES";}; };
0A902A77FE051D7CD7001EB4 = { isa = XCConfigurationList; buildConfigurations = (39A4BAF0B03D8FEFF147AB95,269B86D9519917E0511CC0C7,); defaultConfigurationIsVisible = 0; defaultConfigurationName = Release; };
E213EDFB6309FB93B6544924 = { isa = PBXNativeTarget; buildConfigurationList = 0A902A77FE051D7CD7001EB4; buildPhases = (7137B3FEF929EFC828DD8C33,1F534AEDE960A8B75053DB2C,0D44F3B66BD00C9D7FDAD153,); buildRules = (); dependencies = (); fileSystemSynchronizedGroups = (CD8848DE4FDEF0A300C4EEA6,); name = BeerMap; productName = BeerMap; productReference = D08F480488A0C38949998B9F; productType = "com.apple.product-type.application"; };
16FFDECA9FFBB7CA6565C628 = { isa = PBXFileSystemSynchronizedRootGroup;  path = BeerMapTests; sourceTree = "<group>"; };
F39C6F4ECFFF5431F608A34A = { isa = PBXFileReference; explicitFileType = wrapper.cfbundle; includeInIndex = 0; path = BeerMapTests.xctest; sourceTree = BUILT_PRODUCTS_DIR; };
5A0E052F59780F380E79996E = { isa = PBXSourcesBuildPhase; buildActionMask = 2147483647; files = (); runOnlyForDeploymentPostprocessing = 0; };
4DFD235B41F05D585832994A = { isa = PBXFrameworksBuildPhase; buildActionMask = 2147483647; files = (); runOnlyForDeploymentPostprocessing = 0; };
7A29AA66CCFC0CAE22F0E1D3 = { isa = PBXResourcesBuildPhase; buildActionMask = 2147483647; files = (); runOnlyForDeploymentPostprocessing = 0; };
538D843F6221A8EB02119F34 = { isa = XCBuildConfiguration; name = Debug; buildSettings = {PRODUCT_NAME = "$(TARGET_NAME)"; PRODUCT_BUNDLE_IDENTIFIER = "lv.manbesi.BeerMapTests"; IPHONEOS_DEPLOYMENT_TARGET = "26.0"; SDKROOT = "iphoneos"; SUPPORTED_PLATFORMS = "iphoneos iphonesimulator"; TARGETED_DEVICE_FAMILY = "1"; SWIFT_VERSION = "6.0"; CODE_SIGN_STYLE = "Automatic"; GENERATE_INFOPLIST_FILE = "YES"; SWIFT_STRICT_CONCURRENCY = "complete"; SWIFT_OPTIMIZATION_LEVEL = "-Onone"; DEBUG_INFORMATION_FORMAT = "dwarf"; TEST_HOST = "$(BUILT_PRODUCTS_DIR)/BeerMap.app/$(BUNDLE_EXECUTABLE_FOLDER_PATH)/BeerMap"; BUNDLE_LOADER = "$(TEST_HOST)";}; };
9F86064D181F48A725D835EB = { isa = XCBuildConfiguration; name = Release; buildSettings = {PRODUCT_NAME = "$(TARGET_NAME)"; PRODUCT_BUNDLE_IDENTIFIER = "lv.manbesi.BeerMapTests"; IPHONEOS_DEPLOYMENT_TARGET = "26.0"; SDKROOT = "iphoneos"; SUPPORTED_PLATFORMS = "iphoneos iphonesimulator"; TARGETED_DEVICE_FAMILY = "1"; SWIFT_VERSION = "6.0"; CODE_SIGN_STYLE = "Automatic"; GENERATE_INFOPLIST_FILE = "YES"; SWIFT_STRICT_CONCURRENCY = "complete"; SWIFT_OPTIMIZATION_LEVEL = "-O"; DEBUG_INFORMATION_FORMAT = "dwarf-with-dsym"; TEST_HOST = "$(BUILT_PRODUCTS_DIR)/BeerMap.app/$(BUNDLE_EXECUTABLE_FOLDER_PATH)/BeerMap"; BUNDLE_LOADER = "$(TEST_HOST)";}; };
5065EC4FEA963BF0A7FB0259 = { isa = XCConfigurationList; buildConfigurations = (538D843F6221A8EB02119F34,9F86064D181F48A725D835EB,); defaultConfigurationIsVisible = 0; defaultConfigurationName = Release; };
FB416CE0F5E16502AC63FE00 = { isa = PBXContainerItemProxy; containerPortal = F6F4DA8D93E88A08220E03B7; proxyType = 1; remoteGlobalIDString = E213EDFB6309FB93B6544924; remoteInfo = BeerMap; };
EA35D7E738585AB6306F1ECD = { isa = PBXTargetDependency; target = E213EDFB6309FB93B6544924; targetProxy = FB416CE0F5E16502AC63FE00; };
A2B4962A0DFEBF38A5B68D03 = { isa = PBXNativeTarget; buildConfigurationList = 5065EC4FEA963BF0A7FB0259; buildPhases = (5A0E052F59780F380E79996E,4DFD235B41F05D585832994A,7A29AA66CCFC0CAE22F0E1D3,); buildRules = (); dependencies = (EA35D7E738585AB6306F1ECD); fileSystemSynchronizedGroups = (16FFDECA9FFBB7CA6565C628,); name = BeerMapTests; productName = BeerMapTests; productReference = F39C6F4ECFFF5431F608A34A; productType = "com.apple.product-type.bundle.unit-test"; };
7466254A50870443C8145FE3 = { isa = PBXFileSystemSynchronizedRootGroup;  path = BeerMapUITests; sourceTree = "<group>"; };
CAC2ABECFF2CEDB5172AE5F4 = { isa = PBXFileReference; explicitFileType = wrapper.cfbundle; includeInIndex = 0; path = BeerMapUITests.xctest; sourceTree = BUILT_PRODUCTS_DIR; };
513984702D14F345934244AC = { isa = PBXSourcesBuildPhase; buildActionMask = 2147483647; files = (); runOnlyForDeploymentPostprocessing = 0; };
DA4A9666708F6D9F044C448D = { isa = PBXFrameworksBuildPhase; buildActionMask = 2147483647; files = (); runOnlyForDeploymentPostprocessing = 0; };
56A6E11882996CCDF04C426A = { isa = PBXResourcesBuildPhase; buildActionMask = 2147483647; files = (); runOnlyForDeploymentPostprocessing = 0; };
945896CA8F9978E979A8B372 = { isa = XCBuildConfiguration; name = Debug; buildSettings = {PRODUCT_NAME = "$(TARGET_NAME)"; PRODUCT_BUNDLE_IDENTIFIER = "lv.manbesi.BeerMapUITests"; IPHONEOS_DEPLOYMENT_TARGET = "26.0"; SDKROOT = "iphoneos"; SUPPORTED_PLATFORMS = "iphoneos iphonesimulator"; TARGETED_DEVICE_FAMILY = "1"; SWIFT_VERSION = "6.0"; CODE_SIGN_STYLE = "Automatic"; GENERATE_INFOPLIST_FILE = "YES"; SWIFT_STRICT_CONCURRENCY = "complete"; SWIFT_OPTIMIZATION_LEVEL = "-Onone"; DEBUG_INFORMATION_FORMAT = "dwarf"; TEST_TARGET_NAME = "BeerMap";}; };
224B30796EDDD437F6FC23A2 = { isa = XCBuildConfiguration; name = Release; buildSettings = {PRODUCT_NAME = "$(TARGET_NAME)"; PRODUCT_BUNDLE_IDENTIFIER = "lv.manbesi.BeerMapUITests"; IPHONEOS_DEPLOYMENT_TARGET = "26.0"; SDKROOT = "iphoneos"; SUPPORTED_PLATFORMS = "iphoneos iphonesimulator"; TARGETED_DEVICE_FAMILY = "1"; SWIFT_VERSION = "6.0"; CODE_SIGN_STYLE = "Automatic"; GENERATE_INFOPLIST_FILE = "YES"; SWIFT_STRICT_CONCURRENCY = "complete"; SWIFT_OPTIMIZATION_LEVEL = "-O"; DEBUG_INFORMATION_FORMAT = "dwarf-with-dsym"; TEST_TARGET_NAME = "BeerMap";}; };
A912988118A99F93D47467EB = { isa = XCConfigurationList; buildConfigurations = (945896CA8F9978E979A8B372,224B30796EDDD437F6FC23A2,); defaultConfigurationIsVisible = 0; defaultConfigurationName = Release; };
AEEC40E3BB9C722830CCFE45 = { isa = PBXContainerItemProxy; containerPortal = F6F4DA8D93E88A08220E03B7; proxyType = 1; remoteGlobalIDString = E213EDFB6309FB93B6544924; remoteInfo = BeerMap; };
A15DD398D03A18D449C70E3A = { isa = PBXTargetDependency; target = E213EDFB6309FB93B6544924; targetProxy = AEEC40E3BB9C722830CCFE45; };
C474E1CB18B076B3E164436E = { isa = PBXNativeTarget; buildConfigurationList = A912988118A99F93D47467EB; buildPhases = (513984702D14F345934244AC,DA4A9666708F6D9F044C448D,56A6E11882996CCDF04C426A,); buildRules = (); dependencies = (A15DD398D03A18D449C70E3A); fileSystemSynchronizedGroups = (7466254A50870443C8145FE3,); name = BeerMapUITests; productName = BeerMapUITests; productReference = CAC2ABECFF2CEDB5172AE5F4; productType = "com.apple.product-type.bundle.ui-testing"; };
FE0A091FDBFB3E9C31B7A1BD = { isa = PBXGroup; children = (D08F480488A0C38949998B9F,F39C6F4ECFFF5431F608A34A,CAC2ABECFF2CEDB5172AE5F4,); name = Products; sourceTree = "<group>"; };
2EB2D8158FC6EF9EB19CB439 = { isa = PBXGroup; children = (CD8848DE4FDEF0A300C4EEA6,16FFDECA9FFBB7CA6565C628,7466254A50870443C8145FE3,FE0A091FDBFB3E9C31B7A1BD,); sourceTree = "<group>"; };
BFD315016DE16320F7E2120C = { isa = XCBuildConfiguration; name = Debug; buildSettings = { CLANG_ENABLE_MODULES = YES; CLANG_ENABLE_OBJC_ARC = YES; ENABLE_TESTABILITY = YES; SWIFT_ACTIVE_COMPILATION_CONDITIONS = DEBUG; }; };
1D8C0C6B1D22EA8C7669B263 = { isa = XCBuildConfiguration; name = Release; buildSettings = { CLANG_ENABLE_MODULES = YES; CLANG_ENABLE_OBJC_ARC = YES; ENABLE_TESTABILITY = NO; SWIFT_ACTIVE_COMPILATION_CONDITIONS = ""; }; };
5D7731714D3E69D68AA8D7ED = { isa = XCConfigurationList; buildConfigurations = (BFD315016DE16320F7E2120C,1D8C0C6B1D22EA8C7669B263,); defaultConfigurationIsVisible = 0; defaultConfigurationName = Release; };
F6F4DA8D93E88A08220E03B7 = { isa = PBXProject; attributes = { BuildIndependentTargetsInParallel = YES; LastUpgradeCheck = 2660; }; buildConfigurationList = 5D7731714D3E69D68AA8D7ED; compatibilityVersion = "Xcode 16.0"; developmentRegion = lv; hasScannedForEncodings = 0; knownRegions = (lv,en,Base,); mainGroup = 2EB2D8158FC6EF9EB19CB439; productRefGroup = FE0A091FDBFB3E9C31B7A1BD; projectDirPath = ""; projectRoot = ""; targets = (E213EDFB6309FB93B6544924,A2B4962A0DFEBF38A5B68D03,C474E1CB18B076B3E164436E,); };
}; rootObject = F6F4DA8D93E88A08220E03B7; }
